
Microsoft Visual Studio Solution File, Format Version 12.00
# Visual Studio Version 16
VisualStudioVersion = 16.0.31019.35
MinimumVisualStudioVersion = 10.0.40219.1
Project("{FAE04EC0-301F-11D3-BF4B-00C04F79EFBC}") = "Crud", "Crud\Crud.csproj", "{03B3EB95-C857-4507-B7D0-D08F6ABBC6FE}"
EndProject
Global
	GlobalSection(SolutionConfigurationPlatforms) = preSolution
		Debug|Any CPU = Debug|Any CPU
		Release|Any CPU = Release|Any CPU
	EndGlobalSection
	GlobalSection(ProjectConfigurationPlatforms) = postSolution
		{03B3EB95-C857-4507-B7D0-D08F6ABBC6FE}.Debug|Any CPU.ActiveCfg = Debug|Any CPU
		{03B3EB95-C857-4507-B7D0-D08F6ABBC6FE}.Debug|Any CPU.Build.0 = Debug|Any CPU
		{03B3EB95-C857-4507-B7D0-D08F6ABBC6FE}.Release|Any CPU.ActiveCfg = Release|Any CPU
		{03B3EB95-C857-4507-B7D0-D08F6ABBC6FE}.Release|Any CPU.Build.0 = Release|Any CPU
	EndGlobalSection
	GlobalSection(SolutionProperties) = preSolution
		HideSolutionNode = FALSE
	EndGlobalSection
	GlobalSection(ExtensibilityGlobals) = postSolution
		SolutionGuid = {96A3811E-F7C6-4446-B2D3-86B90A404096}
	EndGlobalSection
EndGlobal
